
Microsoft Visual Studio Solution File, Format Version 12.00
# Visual Studio 15
VisualStudioVersion = 15.0.27130.2027
MinimumVisualStudioVersion = 10.0.40219.1
Project("{FAE04EC0-301F-11D3-BF4B-00C04F79EFBC}") = "CFNDS", "CFNDS\CFNDS.csproj", "{9F330F22-C81B-4FD9-A448-41D765B7BDF0}"
EndProject
Global
	GlobalSection(SolutionConfigurationPlatforms) = preSolution
		Debug|Any CPU = Debug|Any CPU
		Release|Any CPU = Release|Any CPU
	EndGlobalSection
	GlobalSection(ProjectConfigurationPlatforms) = postSolution
		{9F330F22-C81B-4FD9-A448-41D765B7BDF0}.Debug|Any CPU.ActiveCfg = Debug|Any CPU
		{9F330F22-C81B-4FD9-A448-41D765B7BDF0}.Debug|Any CPU.Build.0 = Debug|Any CPU
		{9F330F22-C81B-4FD9-A448-41D765B7BDF0}.Release|Any CPU.ActiveCfg = Release|Any CPU
		{9F330F22-C81B-4FD9-A448-41D765B7BDF0}.Release|Any CPU.Build.0 = Release|Any CPU
	EndGlobalSection
	GlobalSection(SolutionProperties) = preSolution
		HideSolutionNode = FALSE
	EndGlobalSection
	GlobalSection(ExtensibilityGlobals) = postSolution
		SolutionGuid = {600BD5DB-121E-4522-A56D-85494306894B}
	EndGlobalSection
EndGlobal
